
Microsoft Visual Studio Solution File, Format Version 12.00
# Visual Studio Version 17
VisualStudioVersion = 17.0.32014.148
MinimumVisualStudioVersion = 10.0.40219.1
Project("{FAE04EC0-301F-11D3-BF4B-00C04F79EFBC}") = "BlazorAppWebAssembly.Server", "BlazorAppWebAssembly\Server\BlazorAppWebAssembly.Server.csproj", "{8B4F4DF0-4BC0-41C5-8395-8A8CF4368543}"
EndProject
Project("{FAE04EC0-301F-11D3-BF4B-00C04F79EFBC}") = "BlazorAppWebAssembly.Client", "BlazorAppWebAssembly\Client\BlazorAppWebAssembly.Client.csproj", "{68B5908F-768A-41D3-87EB-40CA2FC771BE}"
EndProject
Project("{FAE04EC0-301F-11D3-BF4B-00C04F79EFBC}") = "BlazorAppWebAssembly.Shared", "BlazorAppWebAssembly\Shared\BlazorAppWebAssembly.Shared.csproj", "{B168509F-D222-443A-B10B-4DF9969FE378}"
EndProject
Project("{FAE04EC0-301F-11D3-BF4B-00C04F79EFBC}") = "Blazor.Contacts.Wasm.Repositories", "Blazor.Contacts.Wasm.Repositories\Blazor.Contacts.Wasm.Repositories.csproj", "{98EDD17E-6B08-4B80-960A-ACDD096B01C7}"
EndProject
Global
	GlobalSection(SolutionConfigurationPlatforms) = preSolution
		Debug|Any CPU = Debug|Any CPU
		Release|Any CPU = Release|Any CPU
	EndGlobalSection
	GlobalSection(ProjectConfigurationPlatforms) = postSolution
		{8B4F4DF0-4BC0-41C5-8395-8A8CF4368543}.Debug|Any CPU.ActiveCfg = Debug|Any CPU
		{8B4F4DF0-4BC0-41C5-8395-8A8CF4368543}.Debug|Any CPU.Build.0 = Debug|Any CPU
		{8B4F4DF0-4BC0-41C5-8395-8A8CF4368543}.Release|Any CPU.ActiveCfg = Release|Any CPU
		{8B4F4DF0-4BC0-41C5-8395-8A8CF4368543}.Release|Any CPU.Build.0 = Release|Any CPU
		{68B5908F-768A-41D3-87EB-40CA2FC771BE}.Debug|Any CPU.ActiveCfg = Debug|Any CPU
		{68B5908F-768A-41D3-87EB-40CA2FC771BE}.Debug|Any CPU.Build.0 = Debug|Any CPU
		{68B5908F-768A-41D3-87EB-40CA2FC771BE}.Release|Any CPU.ActiveCfg = Release|Any CPU
		{68B5908F-768A-41D3-87EB-40CA2FC771BE}.Release|Any CPU.Build.0 = Release|Any CPU
		{B168509F-D222-443A-B10B-4DF9969FE378}.Debug|Any CPU.ActiveCfg = Debug|Any CPU
		{B168509F-D222-443A-B10B-4DF9969FE378}.Debug|Any CPU.Build.0 = Debug|Any CPU
		{B168509F-D222-443A-B10B-4DF9969FE378}.Release|Any CPU.ActiveCfg = Release|Any CPU
		{B168509F-D222-443A-B10B-4DF9969FE378}.Release|Any CPU.Build.0 = Release|Any CPU
		{98EDD17E-6B08-4B80-960A-ACDD096B01C7}.Debug|Any CPU.ActiveCfg = Debug|Any CPU
		{98EDD17E-6B08-4B80-960A-ACDD096B01C7}.Debug|Any CPU.Build.0 = Debug|Any CPU
		{98EDD17E-6B08-4B80-960A-ACDD096B01C7}.Release|Any CPU.ActiveCfg = Release|Any CPU
		{98EDD17E-6B08-4B80-960A-ACDD096B01C7}.Release|Any CPU.Build.0 = Release|Any CPU
	EndGlobalSection
	GlobalSection(SolutionProperties) = preSolution
		HideSolutionNode = FALSE
	EndGlobalSection
	GlobalSection(ExtensibilityGlobals) = postSolution
		SolutionGuid = {A84A6748-13AD-4FC2-BB1D-A1AA8E9571DD}
	EndGlobalSection
EndGlobal
